
Microsoft Visual Studio Solution File, Format Version 12.00
# Visual Studio 15
VisualStudioVersion = 15.0.26124.0
MinimumVisualStudioVersion = 15.0.26124.0
Project("{2150E333-8FDC-42A3-9474-1A3956D46DE8}") = "src", "src", "{4298282F-6321-42B6-BA85-923998AD7D17}"
EndProject
Project("{2150E333-8FDC-42A3-9474-1A3956D46DE8}") = "tests", "tests", "{834F058B-58CA-4942-84E4-C85CE1D29FD7}"
EndProject
Project("{9A19103F-16F7-4668-BE54-9A1E7A4F7556}") = "Samples.Tests", "tests\Samples.Tests\Samples.Tests.csproj", "{3F362FDE-E4A7-47CE-B73D-6DAAF3E244D8}"
EndProject
Project("{FAE04EC0-301F-11D3-BF4B-00C04F79EFBC}") = "Samples.Lib", "src\Samples.Lib\Samples.Lib.csproj", "{80B2BF78-D430-4015-B372-BA797B5B5616}"
EndProject
Project("{FAE04EC0-301F-11D3-BF4B-00C04F79EFBC}") = "Samples.Benchmarks", "src\Samples.Benchmarks\Samples.Benchmarks.csproj", "{3C88E101-F7B6-48A6-9A8A-AA655145E6CE}"
EndProject
Global
	GlobalSection(SolutionConfigurationPlatforms) = preSolution
		Debug|Any CPU = Debug|Any CPU
		Debug|x64 = Debug|x64
		Debug|x86 = Debug|x86
		Release|Any CPU = Release|Any CPU
		Release|x64 = Release|x64
		Release|x86 = Release|x86
	EndGlobalSection
	GlobalSection(ProjectConfigurationPlatforms) = postSolution
		{3F362FDE-E4A7-47CE-B73D-6DAAF3E244D8}.Debug|Any CPU.ActiveCfg = Debug|Any CPU
		{3F362FDE-E4A7-47CE-B73D-6DAAF3E244D8}.Debug|Any CPU.Build.0 = Debug|Any CPU
		{3F362FDE-E4A7-47CE-B73D-6DAAF3E244D8}.Debug|x64.ActiveCfg = Debug|Any CPU
		{3F362FDE-E4A7-47CE-B73D-6DAAF3E244D8}.Debug|x64.Build.0 = Debug|Any CPU
		{3F362FDE-E4A7-47CE-B73D-6DAAF3E244D8}.Debug|x86.ActiveCfg = Debug|Any CPU
		{3F362FDE-E4A7-47CE-B73D-6DAAF3E244D8}.Debug|x86.Build.0 = Debug|Any CPU
		{3F362FDE-E4A7-47CE-B73D-6DAAF3E244D8}.Release|Any CPU.ActiveCfg = Release|Any CPU
		{3F362FDE-E4A7-47CE-B73D-6DAAF3E244D8}.Release|Any CPU.Build.0 = Release|Any CPU
		{3F362FDE-E4A7-47CE-B73D-6DAAF3E244D8}.Release|x64.ActiveCfg = Release|Any CPU
		{3F362FDE-E4A7-47CE-B73D-6DAAF3E244D8}.Release|x64.Build.0 = Release|Any CPU
		{3F362FDE-E4A7-47CE-B73D-6DAAF3E244D8}.Release|x86.ActiveCfg = Release|Any CPU
		{3F362FDE-E4A7-47CE-B73D-6DAAF3E244D8}.Release|x86.Build.0 = Release|Any CPU
		{80B2BF78-D430-4015-B372-BA797B5B5616}.Debug|Any CPU.ActiveCfg = Debug|Any CPU
		{80B2BF78-D430-4015-B372-BA797B5B5616}.Debug|Any CPU.Build.0 = Debug|Any CPU
		{80B2BF78-D430-4015-B372-BA797B5B5616}.Debug|x64.ActiveCfg = Debug|Any CPU
		{80B2BF78-D430-4015-B372-BA797B5B5616}.Debug|x64.Build.0 = Debug|Any CPU
		{80B2BF78-D430-4015-B372-BA797B5B5616}.Debug|x86.ActiveCfg = Debug|Any CPU
		{80B2BF78-D430-4015-B372-BA797B5B5616}.Debug|x86.Build.0 = Debug|Any CPU
		{80B2BF78-D430-4015-B372-BA797B5B5616}.Release|Any CPU.ActiveCfg = Release|Any CPU
		{80B2BF78-D430-4015-B372-BA797B5B5616}.Release|Any CPU.Build.0 = Release|Any CPU
		{80B2BF78-D430-4015-B372-BA797B5B5616}.Release|x64.ActiveCfg = Release|Any CPU
		{80B2BF78-D430-4015-B372-BA797B5B5616}.Release|x64.Build.0 = Release|Any CPU
		{80B2BF78-D430-4015-B372-BA797B5B5616}.Release|x86.ActiveCfg = Release|Any CPU
		{80B2BF78-D430-4015-B372-BA797B5B5616}.Release|x86.Build.0 = Release|Any CPU
		{3C88E101-F7B6-48A6-9A8A-AA655145E6CE}.Debug|Any CPU.ActiveCfg = Debug|Any CPU
		{3C88E101-F7B6-48A6-9A8A-AA655145E6CE}.Debug|Any CPU.Build.0 = Debug|Any CPU
		{3C88E101-F7B6-48A6-9A8A-AA655145E6CE}.Debug|x64.ActiveCfg = Debug|Any CPU
		{3C88E101-F7B6-48A6-9A8A-AA655145E6CE}.Debug|x64.Build.0 = Debug|Any CPU
		{3C88E101-F7B6-48A6-9A8A-AA655145E6CE}.Debug|x86.ActiveCfg = Debug|Any CPU
		{3C88E101-F7B6-48A6-9A8A-AA655145E6CE}.Debug|x86.Build.0 = Debug|Any CPU
		{3C88E101-F7B6-48A6-9A8A-AA655145E6CE}.Release|Any CPU.ActiveCfg = Release|Any CPU
		{3C88E101-F7B6-48A6-9A8A-AA655145E6CE}.Release|Any CPU.Build.0 = Release|Any CPU
		{3C88E101-F7B6-48A6-9A8A-AA655145E6CE}.Release|x64.ActiveCfg = Release|Any CPU
		{3C88E101-F7B6-48A6-9A8A-AA655145E6CE}.Release|x64.Build.0 = Release|Any CPU
		{3C88E101-F7B6-48A6-9A8A-AA655145E6CE}.Release|x86.ActiveCfg = Release|Any CPU
		{3C88E101-F7B6-48A6-9A8A-AA655145E6CE}.Release|x86.Build.0 = Release|Any CPU
	EndGlobalSection
	GlobalSection(SolutionProperties) = preSolution
		HideSolutionNode = FALSE
	EndGlobalSection
	GlobalSection(NestedProjects) = preSolution
		{3F362FDE-E4A7-47CE-B73D-6DAAF3E244D8} = {834F058B-58CA-4942-84E4-C85CE1D29FD7}
		{80B2BF78-D430-4015-B372-BA797B5B5616} = {4298282F-6321-42B6-BA85-923998AD7D17}
		{3C88E101-F7B6-48A6-9A8A-AA655145E6CE} = {4298282F-6321-42B6-BA85-923998AD7D17}
	EndGlobalSection
	GlobalSection(ExtensibilityGlobals) = postSolution
		SolutionGuid = {D14D6E35-955F-4A5D-8BC4-50E298EA13D2}
	EndGlobalSection
EndGlobal
